
Microsoft Visual Studio Solution File, Format Version 12.00
# Visual Studio Version 17
VisualStudioVersion = 17.13.35931.197 d17.13
MinimumVisualStudioVersion = 10.0.40219.1
Project("{FAE04EC0-301F-11D3-BF4B-00C04F79EFBC}") = "koneksi_database", "koneksi_database.csproj", "{F3276C2E-87C2-4838-9921-085DD9C38B7A}"
EndProject
Global
	GlobalSection(SolutionConfigurationPlatforms) = preSolution
		Debug|Any CPU = Debug|Any CPU
		Release|Any CPU = Release|Any CPU
	EndGlobalSection
	GlobalSection(ProjectConfigurationPlatforms) = postSolution
		{F3276C2E-87C2-4838-9921-085DD9C38B7A}.Debug|Any CPU.ActiveCfg = Debug|Any CPU
		{F3276C2E-87C2-4838-9921-085DD9C38B7A}.Debug|Any CPU.Build.0 = Debug|Any CPU
		{F3276C2E-87C2-4838-9921-085DD9C38B7A}.Release|Any CPU.ActiveCfg = Release|Any CPU
		{F3276C2E-87C2-4838-9921-085DD9C38B7A}.Release|Any CPU.Build.0 = Release|Any CPU
	EndGlobalSection
	GlobalSection(SolutionProperties) = preSolution
		HideSolutionNode = FALSE
	EndGlobalSection
	GlobalSection(ExtensibilityGlobals) = postSolution
		SolutionGuid = {F0E92630-4832-4A5F-8048-270732BE71FE}
	EndGlobalSection
EndGlobal
